Microsoft Visual Studio Solution File, Format Version 11.00
# Visual Studio 2008

Project("{45693132-A663-69CE-B528-6AF9A3BB4B2F}") = "MMO RPG Penelope Smartfox", "Assembly-CSharp.csproj", "{FD1F199B-8EFE-A766-EA2C-71A2AA0F1777}"
EndProject
Project("{45693132-A663-69CE-B528-6AF9A3BB4B2F}") = "MMO RPG Penelope Smartfox", "Assembly-UnityScript.unityproj", "{9E395DEA-F6E0-2289-22B2-AAEC8B07861A}"
EndProject
Global
	GlobalSection(SolutionConfigurationPlatforms) = preSolution
		Debug|Any CPU = Debug|Any CPU
		Release|Any CPU = Release|Any CPU
	EndGlobalSection
	GlobalSection(ProjectConfigurationPlatforms) = postSolution
		{FD1F199B-8EFE-A766-EA2C-71A2AA0F1777}.Debug|Any CPU.ActiveCfg = Debug|Any CPU
		{FD1F199B-8EFE-A766-EA2C-71A2AA0F1777}.Debug|Any CPU.Build.0 = Debug|Any CPU
		{FD1F199B-8EFE-A766-EA2C-71A2AA0F1777}.Release|Any CPU.ActiveCfg = Release|Any CPU
		{FD1F199B-8EFE-A766-EA2C-71A2AA0F1777}.Release|Any CPU.Build.0 = Release|Any CPU
		{9E395DEA-F6E0-2289-22B2-AAEC8B07861A}.Debug|Any CPU.ActiveCfg = Debug|Any CPU
		{9E395DEA-F6E0-2289-22B2-AAEC8B07861A}.Debug|Any CPU.Build.0 = Debug|Any CPU
		{9E395DEA-F6E0-2289-22B2-AAEC8B07861A}.Release|Any CPU.ActiveCfg = Release|Any CPU
		{9E395DEA-F6E0-2289-22B2-AAEC8B07861A}.Release|Any CPU.Build.0 = Release|Any CPU
	EndGlobalSection
	GlobalSection(SolutionProperties) = preSolution
		HideSolutionNode = FALSE
	EndGlobalSection
																	GlobalSection(MonoDevelopProperties) = preSolution
		StartupItem = Assembly-CSharp.csproj
		Policies = $0
		$0.TextStylePolicy = $1
		$1.inheritsSet = null
		$1.scope = text/x-csharp
		$0.CSharpFormattingPolicy = $2
		$2.inheritsSet = Mono
		$2.inheritsScope = text/x-csharp
		$2.scope = text/x-csharp
		$0.TextStylePolicy = $3
		$3.FileWidth = 120
		$3.TabWidth = 4
		$3.EolMarker = Unix
		$3.inheritsSet = Mono
		$3.inheritsScope = text/plain
		$3.scope = text/plain
	EndGlobalSection

EndGlobal
